
Microsoft Visual Studio Solution File, Format Version 12.00
# Visual Studio Version 17
VisualStudioVersion = 17.0.32112.339
MinimumVisualStudioVersion = 10.0.40219.1
Project("{FAE04EC0-301F-11D3-BF4B-00C04F79EFBC}") = "HotelManagmentRefactored", "HotelManagmentRefactored\HotelManagmentRefactored.csproj", "{77AC32EC-3AA5-4C81-AC17-F3DF4D287A26}"
EndProject
Global
	GlobalSection(SolutionConfigurationPlatforms) = preSolution
		Debug|Any CPU = Debug|Any CPU
		Release|Any CPU = Release|Any CPU
	EndGlobalSection
	GlobalSection(ProjectConfigurationPlatforms) = postSolution
		{77AC32EC-3AA5-4C81-AC17-F3DF4D287A26}.Debug|Any CPU.ActiveCfg = Debug|Any CPU
		{77AC32EC-3AA5-4C81-AC17-F3DF4D287A26}.Debug|Any CPU.Build.0 = Debug|Any CPU
		{77AC32EC-3AA5-4C81-AC17-F3DF4D287A26}.Release|Any CPU.ActiveCfg = Release|Any CPU
		{77AC32EC-3AA5-4C81-AC17-F3DF4D287A26}.Release|Any CPU.Build.0 = Release|Any CPU
	EndGlobalSection
	GlobalSection(SolutionProperties) = preSolution
		HideSolutionNode = FALSE
	EndGlobalSection
	GlobalSection(ExtensibilityGlobals) = postSolution
		SolutionGuid = {8949FFA6-7009-49B2-ADFE-BA66DAA00AE5}
	EndGlobalSection
EndGlobal
